
Microsoft Visual Studio Solution File, Format Version 12.00
# Visual Studio Version 17
VisualStudioVersion = 17.9.34622.214
MinimumVisualStudioVersion = 10.0.40219.1
Project("{FAE04EC0-301F-11D3-BF4B-00C04F79EFBC}") = "ExpressionEngine", "ExpressionEngine\ExpressionEngine.csproj", "{16099249-4F9A-4467-A716-FFE940DCAAF2}"
EndProject
Project("{FAE04EC0-301F-11D3-BF4B-00C04F79EFBC}") = "EngineTests", "EngineTests\EngineTests.csproj", "{B961CEAF-7FA0-460A-94AC-2613FC7476BD}"
EndProject
Global
	GlobalSection(SolutionConfigurationPlatforms) = preSolution
		Debug|Any CPU = Debug|Any CPU
		Release|Any CPU = Release|Any CPU
	EndGlobalSection
	GlobalSection(ProjectConfigurationPlatforms) = postSolution
		{16099249-4F9A-4467-A716-FFE940DCAAF2}.Debug|Any CPU.ActiveCfg = Debug|Any CPU
		{16099249-4F9A-4467-A716-FFE940DCAAF2}.Debug|Any CPU.Build.0 = Debug|Any CPU
		{16099249-4F9A-4467-A716-FFE940DCAAF2}.Release|Any CPU.ActiveCfg = Release|Any CPU
		{16099249-4F9A-4467-A716-FFE940DCAAF2}.Release|Any CPU.Build.0 = Release|Any CPU
		{B961CEAF-7FA0-460A-94AC-2613FC7476BD}.Debug|Any CPU.ActiveCfg = Debug|Any CPU
		{B961CEAF-7FA0-460A-94AC-2613FC7476BD}.Debug|Any CPU.Build.0 = Debug|Any CPU
		{B961CEAF-7FA0-460A-94AC-2613FC7476BD}.Release|Any CPU.ActiveCfg = Release|Any CPU
		{B961CEAF-7FA0-460A-94AC-2613FC7476BD}.Release|Any CPU.Build.0 = Release|Any CPU
	EndGlobalSection
	GlobalSection(SolutionProperties) = preSolution
		HideSolutionNode = FALSE
	EndGlobalSection
	GlobalSection(ExtensibilityGlobals) = postSolution
		SolutionGuid = {90F09B48-D2B0-416D-B6F6-4513B28C6F9B}
	EndGlobalSection
EndGlobal
